// !$*UTF8*$!
{
	archiveVersion = 1;
	classes = {
	};
	objectVersion = 50;
	objects = {

/* Begin PBXBuildFile section */
		2E1FF02E23F63EB1005513F9 /* AppDelegate.swift in Sources */ = {isa = PBXBuildFile; fileRef = 2E1FF02D23F63EB1005513F9 /* AppDelegate.swift */; };
		2E1FF03023F63EB1005513F9 /* SceneDelegate.swift in Sources */ = {isa = PBXBuildFile; fileRef = 2E1FF02F23F63EB1005513F9 /* SceneDelegate.swift */; };
		2E1FF03223F63EB1005513F9 /* StarViewController.swift in Sources */ = {isa = PBXBuildFile; fileRef = 2E1FF03123F63EB1005513F9 /* StarViewController.swift */; };
		2E1FF03523F63EB1005513F9 /* Main.storyboard in Resources */ = {isa = PBXBuildFile; fileRef = 2E1FF03323F63EB1005513F9 /* Main.storyboard */; };
		2E1FF03723F63EB6005513F9 /* Assets.xcassets in Resources */ = {isa = PBXBuildFile; fileRef = 2E1FF03623F63EB6005513F9 /* Assets.xcassets */; };
		2E1FF03A23F63EB6005513F9 /* LaunchScreen.storyboard in Resources */ = {isa = PBXBuildFile; fileRef = 2E1FF03823F63EB6005513F9 /* LaunchScreen.storyboard */; };
		2E1FF04823F64719005513F9 /* Star.swift in Sources */ = {isa = PBXBuildFile; fileRef = 2E1FF04723F64719005513F9 /* Star.swift */; };
		2E1FF04A23F64779005513F9 /* StarController.swift in Sources */ = {isa = PBXBuildFile; fileRef = 2E1FF04923F64779005513F9 /* StarController.swift */; };
		2E1FF04C23F64CB4005513F9 /* StarTableViewCell.swift in Sources */ = {isa = PBXBuildFile; fileRef = 2E1FF04B23F64CB4005513F9 /* StarTableViewCell.swift */; };
/* End PBXBuildFile section */

/* Begin PBXFileReference section */
		2E1FF02A23F63EB1005513F9 /* Stars.app */ = {isa = PBXFileReference; explicitFileType = wrapper.application; includeInIndex = 0; path = Stars.app; sourceTree = BUILT_PRODUCTS_DIR; };
		2E1FF02D23F63EB1005513F9 /* AppDelegate.swift */ = {isa = PBXFileReference; lastKnownFileType = sourcecode.swift; path = AppDelegate.swift; sourceTree = "<group>"; };
		2E1FF02F23F63EB1005513F9 /* SceneDelegate.swift */ = {isa = PBXFileReference; lastKnownFileType = sourcecode.swift; path = SceneDelegate.swift; sourceTree = "<group>"; };
		2E1FF03123F63EB1005513F9 /* StarViewController.swift */ = {isa = PBXFileReference; lastKnownFileType = sourcecode.swift; path = StarViewController.swift; sourceTree = "<group>"; };
		2E1FF03423F63EB1005513F9 /* Base */ = {isa = PBXFileReference; lastKnownFileType = file.storyboard; name = Base; path = Base.lproj/Main.storyboard; sourceTree = "<group>"; };
		2E1FF03623F63EB6005513F9 /* Assets.xcassets */ = {isa = PBXFileReference; lastKnownFileType = folder.assetcatalog; path = Assets.xcassets; sourceTree = "<group>"; };
		2E1FF03923F63EB6005513F9 /* Base */ = {isa = PBXFileReference; lastKnownFileType = file.storyboard; name = Base; path = Base.lproj/LaunchScreen.storyboard; sourceTree = "<group>"; };
		2E1FF03B23F63EB6005513F9 /* Info.plist */ = {isa = PBXFileReference; lastKnownFileType = text.plist.xml; path = Info.plist; sourceTree = "<group>"; };
		2E1FF04723F64719005513F9 /* Star.swift */ = {isa = PBXFileReference; lastKnownFileType = sourcecode.swift; path = Star.swift; sourceTree = "<group>"; };
		2E1FF04923F64779005513F9 /* StarController.swift */ = {isa = PBXFileReference; lastKnownFileType = sourcecode.swift; path = StarController.swift; sourceTree = "<group>"; };
		2E1FF04B23F64CB4005513F9 /* StarTableViewCell.swift */ = {isa = PBXFileReference; lastKnownFileType = sourcecode.swift; path = StarTableViewCell.swift; sourceTree = "<group>"; };
/* End PBXFileReference section */

/* Begin PBXFrameworksBuildPhase section */
		2E1FF02723F63EB1005513F9 /* Frameworks */ = {
			isa = PBXFrameworksBuildPhase;
			buildActionMask = 2147483647;
			files = (
			);
			runOnlyForDeploymentPostprocessing = 0;
		};
/* End PBXFrameworksBuildPhase section */

/* Begin PBXGroup section */
		2E1FF02123F63EB1005513F9 = {
			isa = PBXGroup;
			children = (
				2E1FF02C23F63EB1005513F9 /* Stars */,
				2E1FF04423F63F3D005513F9 /* View Controllers */,
				2E1FF02B23F63EB1005513F9 /* Products */,
				2E1FF04123F63F01005513F9 /* Resources */,
			);
			sourceTree = "<group>";
		};
		2E1FF02B23F63EB1005513F9 /* Products */ = {
			isa = PBXGroup;
			children = (
				2E1FF02A23F63EB1005513F9 /* Stars.app */,
			);
			name = Products;
			sourceTree = "<group>";
		};
		2E1FF02C23F63EB1005513F9 /* Stars */ = {
			isa = PBXGroup;
			children = (
				2E1FF04523F63F81005513F9 /* Model */,
				2E1FF04223F63F29005513F9 /* Views */,
				2E1FF03B23F63EB6005513F9 /* Info.plist */,
				2E1FF04623F63F8E005513F9 /* Controller */,
			);
			path = Stars;
			sourceTree = "<group>";
		};
		2E1FF04123F63F01005513F9 /* Resources */ = {
			isa = PBXGroup;
			children = (
				2E1FF02D23F63EB1005513F9 /* AppDelegate.swift */,
				2E1FF02F23F63EB1005513F9 /* SceneDelegate.swift */,
				2E1FF03623F63EB6005513F9 /* Assets.xcassets */,
				2E1FF03823F63EB6005513F9 /* LaunchScreen.storyboard */,
			);
			path = Resources;
			sourceTree = "<group>";
		};
		2E1FF04223F63F29005513F9 /* Views */ = {
			isa = PBXGroup;
			children = (
				2E1FF03323F63EB1005513F9 /* Main.storyboard */,
				2E1FF04B23F64CB4005513F9 /* StarTableViewCell.swift */,
			);
			path = Views;
			sourceTree = "<group>";
		};
		2E1FF04423F63F3D005513F9 /* View Controllers */ = {
			isa = PBXGroup;
			children = (
				2E1FF03123F63EB1005513F9 /* StarViewController.swift */,
			);
			path = "View Controllers";
			sourceTree = "<group>";
		};
		2E1FF04523F63F81005513F9 /* Model */ = {
			isa = PBXGroup;
			children = (
				2E1FF04723F64719005513F9 /* Star.swift */,
			);
			path = Model;
			sourceTree = "<group>";
		};
		2E1FF04623F63F8E005513F9 /* Controller */ = {
			isa = PBXGroup;
			children = (
				2E1FF04923F64779005513F9 /* StarController.swift */,
			);
			path = Controller;
			sourceTree = "<group>";
		};
/* End PBXGroup section */

/* Begin PBXNativeTarget section */
		2E1FF02923F63EB1005513F9 /* Stars */ = {
			isa = PBXNativeTarget;
			buildConfigurationList = 2E1FF03E23F63EB6005513F9 /* Build configuration list for PBXNativeTarget "Stars" */;
			buildPhases = (
				2E1FF02623F63EB1005513F9 /* Sources */,
				2E1FF02723F63EB1005513F9 /* Frameworks */,
				2E1FF02823F63EB1005513F9 /* Resources */,
			);
			buildRules = (
			);
			dependencies = (
			);
			name = Stars;
			productName = Stars;
			productReference = 2E1FF02A23F63EB1005513F9 /* Stars.app */;
			productType = "com.apple.product-type.application";
		};
/* End PBXNativeTarget section */

/* Begin PBXProject section */
		2E1FF02223F63EB1005513F9 /* Project object */ = {
			isa = PBXProject;
			attributes = {
				LastSwiftUpdateCheck = 1130;
				LastUpgradeCheck = 1130;
				ORGANIZATIONNAME = "Kendra McVay";
				TargetAttributes = {
					2E1FF02923F63EB1005513F9 = {
						CreatedOnToolsVersion = 11.3.1;
					};
				};
			};
			buildConfigurationList = 2E1FF02523F63EB1005513F9 /* Build configuration list for PBXProject "Stars" */;
			compatibilityVersion = "Xcode 9.3";
			developmentRegion = en;
			hasScannedForEncodings = 0;
			knownRegions = (
				en,
				Base,
			);
			mainGroup = 2E1FF02123F63EB1005513F9;
			productRefGroup = 2E1FF02B23F63EB1005513F9 /* Products */;
			projectDirPath = "";
			projectRoot = "";
			targets = (
				2E1FF02923F63EB1005513F9 /* Stars */,
			);
		};
/* End PBXProject section */

/* Begin PBXResourcesBuildPhase section */
		2E1FF02823F63EB1005513F9 /* Resources */ = {
			isa = PBXResourcesBuildPhase;
			buildActionMask = 2147483647;
			files = (
				2E1FF03A23F63EB6005513F9 /* LaunchScreen.storyboard in Resources */,
				2E1FF03723F63EB6005513F9 /* Assets.xcassets in Resources */,
				2E1FF03523F63EB1005513F9 /* Main.storyboard in Resources */,
			);
			runOnlyForDeploymentPostprocessing = 0;
		};
/* End PBXResourcesBuildPhase section */

/* Begin PBXSourcesBuildPhase section */
		2E1FF02623F63EB1005513F9 /* Sources */ = {
			isa = PBXSourcesBuildPhase;
			buildActionMask = 2147483647;
			files = (
				2E1FF03223F63EB1005513F9 /* StarViewController.swift in Sources */,
				2E1FF04C23F64CB4005513F9 /* StarTableViewCell.swift in Sources */,
				2E1FF02E23F63EB1005513F9 /* AppDelegate.swift in Sources */,
				2E1FF04A23F64779005513F9 /* StarController.swift in Sources */,
				2E1FF03023F63EB1005513F9 /* SceneDelegate.swift in Sources */,
				2E1FF04823F64719005513F9 /* Star.swift in Sources */,
			);
			runOnlyForDeploymentPostprocessing = 0;
		};
/* End PBXSourcesBuildPhase section */

/* Begin PBXVariantGroup section */
		2E1FF03323F63EB1005513F9 /* Main.storyboard */ = {
			isa = PBXVariantGroup;
			children = (
				2E1FF03423F63EB1005513F9 /* Base */,
			);
			name = Main.storyboard;
			sourceTree = "<group>";
		};
		2E1FF03823F63EB6005513F9 /* LaunchScreen.storyboard */ = {
			isa = PBXVariantGroup;
			children = (
				2E1FF03923F63EB6005513F9 /* Base */,
			);
			name = LaunchScreen.storyboard;
			sourceTree = "<group>";
		};
/* End PBXVariantGroup section */

/* Begin XCBuildConfiguration section */
		2E1FF03C23F63EB6005513F9 /* Debug */ = {
			isa = XCBuildConfiguration;
			buildSettings = {
				ALWAYS_SEARCH_USER_PATHS = NO;
				CLANG_ANALYZER_NONNULL = YES;
				CLANG_ANALYZER_NUMBER_OBJECT_CONVERSION = YES_AGGRESSIVE;
				CLANG_CXX_LANGUAGE_STANDARD = "gnu++14";
				CLANG_CXX_LIBRARY = "libc++";
				CLANG_ENABLE_MODULES = YES;
				CLANG_ENABLE_OBJC_ARC = YES;
				CLANG_ENABLE_OBJC_WEAK = YES;
				CLANG_WARN_BLOCK_CAPTURE_AUTORELEASING = YES;
				CLANG_WARN_BOOL_CONVERSION = YES;
				CLANG_WARN_COMMA = YES;
				CLANG_WARN_CONSTANT_CONVERSION = YES;
				CLANG_WARN_DEPRECATED_OBJC_IMPLEMENTATIONS = YES;
				CLANG_WARN_DIRECT_OBJC_ISA_USAGE = YES_ERROR;
				CLANG_WARN_DOCUMENTATION_COMMENTS = YES;
				CLANG_WARN_EMPTY_BODY = YES;
				CLANG_WARN_ENUM_CONVERSION = YES;
				CLANG_WARN_INFINITE_RECURSION = YES;
				CLANG_WARN_INT_CONVERSION = YES;
				CLANG_WARN_NON_LITERAL_NULL_CONVERSION = YES;
				CLANG_WARN_OBJC_IMPLICIT_RETAIN_SELF = YES;
				CLANG_WARN_OBJC_LITERAL_CONVERSION = YES;
				CLANG_WARN_OBJC_ROOT_CLASS = YES_ERROR;
				CLANG_WARN_RANGE_LOOP_ANALYSIS = YES;
				CLANG_WARN_STRICT_PROTOTYPES = YES;
				CLANG_WARN_SUSPICIOUS_MOVE = YES;
				CLANG_WARN_UNGUARDED_AVAILABILITY = YES_AGGRESSIVE;
				CLANG_WARN_UNREACHABLE_CODE = YES;
				CLANG_WARN__DUPLICATE_METHOD_MATCH = YES;
				COPY_PHASE_STRIP = NO;
				DEBUG_INFORMATION_FORMAT = dwarf;
				ENABLE_STRICT_OBJC_MSGSEND = YES;
				ENABLE_TESTABILITY = YES;
				GCC_C_LANGUAGE_STANDARD = gnu11;
				GCC_DYNAMIC_NO_PIC = NO;
				GCC_NO_COMMON_BLOCKS = YES;
				GCC_OPTIMIZATION_LEVEL = 0;
				GCC_PREPROCESSOR_DEFINITIONS = (
					"DEBUG=1",
					"$(inherited)",
				);
				GCC_WARN_64_TO_32_BIT_CONVERSION = YES;
				GCC_WARN_ABOUT_RETURN_TYPE = YES_ERROR;
				GCC_WARN_UNDECLARED_SELECTOR = YES;
				GCC_WARN_UNINITIALIZED_AUTOS = YES_AGGRESSIVE;
				GCC_WARN_UNUSED_FUNCTION = YES;
				GCC_WARN_UNUSED_VARIABLE = YES;
				IPHONEOS_DEPLOYMENT_TARGET = 13.2;
				MTL_ENABLE_DEBUG_INFO = INCLUDE_SOURCE;
				MTL_FAST_MATH = YES;
				ONLY_ACTIVE_ARCH = YES;
				SDKROOT = iphoneos;
				SWIFT_ACTIVE_COMPILATION_CONDITIONS = DEBUG;
				SWIFT_OPTIMIZATION_LEVEL = "-Onone";
			};
			name = Debug;
		};
		2E1FF03D23F63EB6005513F9 /* Release */ = {
			isa = XCBuildConfiguration;
			buildSettings = {
				ALWAYS_SEARCH_USER_PATHS = NO;
				CLANG_ANALYZER_NONNULL = YES;
				CLANG_ANALYZER_NUMBER_OBJECT_CONVERSION = YES_AGGRESSIVE;
				CLANG_CXX_LANGUAGE_STANDARD = "gnu++14";
				CLANG_CXX_LIBRARY = "libc++";
				CLANG_ENABLE_MODULES = YES;
				CLANG_ENABLE_OBJC_ARC = YES;
				CLANG_ENABLE_OBJC_WEAK = YES;
				CLANG_WARN_BLOCK_CAPTURE_AUTORELEASING = YES;
				CLANG_WARN_BOOL_CONVERSION = YES;
				CLANG_WARN_COMMA = YES;
				CLANG_WARN_CONSTANT_CONVERSION = YES;
				CLANG_WARN_DEPRECATED_OBJC_IMPLEMENTATIONS = YES;
				CLANG_WARN_DIRECT_OBJC_ISA_USAGE = YES_ERROR;
				CLANG_WARN_DOCUMENTATION_COMMENTS = YES;
				CLANG_WARN_EMPTY_BODY = YES;
				CLANG_WARN_ENUM_CONVERSION = YES;
				CLANG_WARN_INFINITE_RECURSION = YES;
				CLANG_WARN_INT_CONVERSION = YES;
				CLANG_WARN_NON_LITERAL_NULL_CONVERSION = YES;
				CLANG_WARN_OBJC_IMPLICIT_RETAIN_SELF = YES;
				CLANG_WARN_OBJC_LITERAL_CONVERSION = YES;
				CLANG_WARN_OBJC_ROOT_CLASS = YES_ERROR;
				CLANG_WARN_RANGE_LOOP_ANALYSIS = YES;
				CLANG_WARN_STRICT_PROTOTYPES = YES;
				CLANG_WARN_SUSPICIOUS_MOVE = YES;
				CLANG_WARN_UNGUARDED_AVAILABILITY = YES_AGGRESSIVE;
				CLANG_WARN_UNREACHABLE_CODE = YES;
				CLANG_WARN__DUPLICATE_METHOD_MATCH = YES;
				COPY_PHASE_STRIP = NO;
				DEBUG_INFORMATION_FORMAT = "dwarf-with-dsym";
				ENABLE_NS_ASSERTIONS = NO;
				ENABLE_STRICT_OBJC_MSGSEND = YES;
				GCC_C_LANGUAGE_STANDARD = gnu11;
				GCC_NO_COMMON_BLOCKS = YES;
				GCC_WARN_64_TO_32_BIT_CONVERSION = YES;
				GCC_WARN_ABOUT_RETURN_TYPE = YES_ERROR;
				GCC_WARN_UNDECLARED_SELECTOR = YES;
				GCC_WARN_UNINITIALIZED_AUTOS = YES_AGGRESSIVE;
				GCC_WARN_UNUSED_FUNCTION = YES;
				GCC_WARN_UNUSED_VARIABLE = YES;
				IPHONEOS_DEPLOYMENT_TARGET = 13.2;
				MTL_ENABLE_DEBUG_INFO = NO;
				MTL_FAST_MATH = YES;
				SDKROOT = iphoneos;
				SWIFT_COMPILATION_MODE = wholemodule;
				SWIFT_OPTIMIZATION_LEVEL = "-O";
				VALIDATE_PRODUCT = YES;
			};
			name = Release;
		};
		2E1FF03F23F63EB6005513F9 /* Debug */ = {
			isa = XCBuildConfiguration;
			buildSettings = {
				ASSETCATALOG_COMPILER_APPICON_NAME = AppIcon;
				CODE_SIGN_STYLE = Automatic;
				INFOPLIST_FILE = Stars/Info.plist;
				LD_RUNPATH_SEARCH_PATHS = (
					"$(inherited)",
					"@executable_path/Frameworks",
				);
				PRODUCT_BUNDLE_IDENTIFIER = Kendra.Stars;
				PRODUCT_NAME = "$(TARGET_NAME)";
				SWIFT_VERSION = 5.0;
				TARGETED_DEVICE_FAMILY = "1,2";
			};
			name = Debug;
		};
		2E1FF04023F63EB6005513F9 /* Release */ = {
			isa = XCBuildConfiguration;
			buildSettings = {
				ASSETCATALOG_COMPILER_APPICON_NAME = AppIcon;
				CODE_SIGN_STYLE = Automatic;
				INFOPLIST_FILE = Stars/Info.plist;
				LD_RUNPATH_SEARCH_PATHS = (
					"$(inherited)",
					"@executable_path/Frameworks",
				);
				PRODUCT_BUNDLE_IDENTIFIER = Kendra.Stars;
				PRODUCT_NAME = "$(TARGET_NAME)";
				SWIFT_VERSION = 5.0;
				TARGETED_DEVICE_FAMILY = "1,2";
			};
			name = Release;
		};
/* End XCBuildConfiguration section */

/* Begin XCConfigurationList section */
		2E1FF02523F63EB1005513F9 /* Build configuration list for PBXProject "Stars" */ = {
			isa = XCConfigurationList;
			buildConfigurations = (
				2E1FF03C23F63EB6005513F9 /* Debug */,
				2E1FF03D23F63EB6005513F9 /* Release */,
			);
			defaultConfigurationIsVisible = 0;
			defaultConfigurationName = Release;
		};
		2E1FF03E23F63EB6005513F9 /* Build configuration list for PBXNativeTarget "Stars" */ = {
			isa = XCConfigurationList;
			buildConfigurations = (
				2E1FF03F23F63EB6005513F9 /* Debug */,
				2E1FF04023F63EB6005513F9 /* Release */,
			);
			defaultConfigurationIsVisible = 0;
			defaultConfigurationName = Release;
		};
/* End XCConfigurationList section */
	};
	rootObject = 2E1FF02223F63EB1005513F9 /* Project object */;
}
